
Microsoft Visual Studio Solution File, Format Version 12.00
# Visual Studio 15
VisualStudioVersion = 15.0.27703.2000
MinimumVisualStudioVersion = 10.0.40219.1
Project("{FAE04EC0-301F-11D3-BF4B-00C04F79EFBC}") = "Ghasedak", "Ghasedak\Ghasedak.csproj", "{6C0EFED7-AEF8-4ED7-AC78-9926ADF583A5}"
EndProject
Global
	GlobalSection(SolutionConfigurationPlatforms) = preSolution
		Debug|Any CPU = Debug|Any CPU
		Release|Any CPU = Release|Any CPU
	EndGlobalSection
	GlobalSection(ProjectConfigurationPlatforms) = postSolution
		{6C0EFED7-AEF8-4ED7-AC78-9926ADF583A5}.Debug|Any CPU.ActiveCfg = Debug|Any CPU
		{6C0EFED7-AEF8-4ED7-AC78-9926ADF583A5}.Debug|Any CPU.Build.0 = Debug|Any CPU
		{6C0EFED7-AEF8-4ED7-AC78-9926ADF583A5}.Release|Any CPU.ActiveCfg = Release|Any CPU
		{6C0EFED7-AEF8-4ED7-AC78-9926ADF583A5}.Release|Any CPU.Build.0 = Release|Any CPU
	EndGlobalSection
	GlobalSection(SolutionProperties) = preSolution
		HideSolutionNode = FALSE
	EndGlobalSection
	GlobalSection(ExtensibilityGlobals) = postSolution
		SolutionGuid = {4A0BCA8A-C617-42C7-A69D-5AF6295BC6AB}
	EndGlobalSection
EndGlobal
